<?xml version="1.0" encoding="utf-8"?>
<Project ToolsVersion="4.0" xmlns="http://schemas.microsoft.com/developer/msbuild/2003">
  <ItemGroup>
    <Filter Include="Head Files">
      <UniqueIdentifier>{ab66d04d-5667-4e0d-a264-751e65ef9be7}</UniqueIdentifier>
    </Filter>
    <Filter Include="Source Files">
      <UniqueIdentifier>{eb59c7c9-a6f4-47ee-8759-6bd092c0fb5d}</UniqueIdentifier>
    </Filter>
  </ItemGroup>
  <ItemGroup>
    <ClInclude Include="myEigenModeling.h">
      <Filter>Head Files</Filter>
    </ClInclude>
    <ClInclude Include="..\triangle\triangle.h">
      <Filter>Head Files</Filter>
    </ClInclude>
    <ClInclude Include="MC_tables.cpp">
      <Filter>Source Files</Filter>
    </ClInclude>
    <ClInclude Include="MC_tables.h">
      <Filter>Head Files</Filter>
    </ClInclude>
  </ItemGroup>
  <ItemGroup>
    <ClCompile Include="myEigenModeling.cpp">
      <Filter>Source Files</Filter>
    </ClCompile>
    <ClCompile Include="templateSpecialization.cpp">
      <Filter>Source Files</Filter>
    </ClCompile>
  </ItemGroup>
  <ItemGroup>
    <None Include="temp.tpp">
      <Filter>Source Files</Filter>
    </None>
  </ItemGroup>
</Project>