<?xml version="1.0" encoding="utf-8"?>
<Project ToolsVersion="4.0" xmlns="http://schemas.microsoft.com/developer/msbuild/2003">
  <ItemGroup>
    <Filter Include="源文件">
      <UniqueIdentifier>{4FC737F1-C7A5-4376-A066-2A32D752A2FF}</UniqueIdentifier>
      <Extensions>cpp;c;cc;cxx;c++;cppm;ixx;def;odl;idl;hpj;bat;asm;asmx</Extensions>
    </Filter>
    <Filter Include="头文件">
      <UniqueIdentifier>{93995380-89BD-4b04-88EB-625FBE52EBFB}</UniqueIdentifier>
      <Extensions>h;hh;hpp;hxx;h++;hm;inl;inc;ipp;xsd</Extensions>
    </Filter>
    <Filter Include="myImgui">
      <UniqueIdentifier>{df5c8dd0-568d-4fe8-b458-18d0c6dba7e2}</UniqueIdentifier>
    </Filter>
  </ItemGroup>
  <ItemGroup>
    <ClCompile Include="main.cpp">
      <Filter>源文件</Filter>
    </ClCompile>
    <ClCompile Include="myEigen.cpp">
      <Filter>源文件</Filter>
    </ClCompile>
    <ClCompile Include="test_dense_mat.cpp">
      <Filter>源文件</Filter>
    </ClCompile>
    <ClCompile Include="test_sparse_mat.cpp">
      <Filter>源文件</Filter>
    </ClCompile>
    <ClCompile Include="test_scientific_calc.cpp">
      <Filter>源文件</Filter>
    </ClCompile>
    <ClCompile Include="test_myEigenModeling.cpp">
      <Filter>源文件</Filter>
    </ClCompile>
    <ClCompile Include="triMesh.cpp">
      <Filter>源文件</Filter>
    </ClCompile>
    <ClCompile Include="test_imgui.cpp">
      <Filter>源文件</Filter>
    </ClCompile>
    <ClCompile Include="TEST_IMGUI\MathUtil.cpp">
      <Filter>myImgui</Filter>
    </ClCompile>
    <ClCompile Include="TEST_IMGUI\fitcurve.cpp">
      <Filter>myImgui</Filter>
    </ClCompile>
    <ClCompile Include="TEST_IMGUI\myapp.cpp">
      <Filter>myImgui</Filter>
    </ClCompile>
  </ItemGroup>
  <ItemGroup>
    <ClInclude Include="myEigen.h">
      <Filter>头文件</Filter>
    </ClInclude>
    <ClInclude Include="test_dense_mat.h">
      <Filter>头文件</Filter>
    </ClInclude>
    <ClInclude Include="test_scientific_calc.h">
      <Filter>头文件</Filter>
    </ClInclude>
    <ClInclude Include="test_sparse_mat.h">
      <Filter>头文件</Filter>
    </ClInclude>
    <ClInclude Include="..\SDFGen_study\SDFGEN_DLL\SDFGEN_DLL.h">
      <Filter>头文件</Filter>
    </ClInclude>
    <ClInclude Include="test_myEigenModeling.h">
      <Filter>头文件</Filter>
    </ClInclude>
    <ClInclude Include="triMesh.h">
      <Filter>头文件</Filter>
    </ClInclude>
    <ClInclude Include="representations.h">
      <Filter>头文件</Filter>
    </ClInclude>
    <ClInclude Include="test_imgui.h">
      <Filter>头文件</Filter>
    </ClInclude>
    <ClInclude Include="TEST_IMGUI\MathUtil.h">
      <Filter>myImgui</Filter>
    </ClInclude>
    <ClInclude Include="TEST_IMGUI\fitcurve.h">
      <Filter>myImgui</Filter>
    </ClInclude>
    <ClInclude Include="TEST_IMGUI\myapp.h">
      <Filter>myImgui</Filter>
    </ClInclude>
  </ItemGroup>
  <ItemGroup>
    <None Include="myEigen.tpp">
      <Filter>源文件</Filter>
    </None>
  </ItemGroup>
</Project>